// !$*UTF8*$!
{
	archiveVersion = 1;
	classes = {
	};
	objectVersion = 56;
	objects = {

/* Begin PBXBuildFile section */
		B58F9E3E2BAE4FB0008B5C6E /* AppDelegate.swift in Sources */ = {isa = PBXBuildFile; fileRef = B58F9E3D2BAE4FB0008B5C6E /* AppDelegate.swift */; };
		B58F9E402BAE4FB0008B5C6E /* SceneDelegate.swift in Sources */ = {isa = PBXBuildFile; fileRef = B58F9E3F2BAE4FB0008B5C6E /* SceneDelegate.swift */; };
		B58F9E452BAE4FB0008B5C6E /* Base in Resources */ = {isa = PBXBuildFile; fileRef = B58F9E442BAE4FB0008B5C6E /* Base */; };
		B58F9E472BAE4FB1008B5C6E /* Assets.xcassets in Resources */ = {isa = PBXBuildFile; fileRef = B58F9E462BAE4FB1008B5C6E /* Assets.xcassets */; };
		B58F9E4A2BAE4FB1008B5C6E /* Base in Resources */ = {isa = PBXBuildFile; fileRef = B58F9E492BAE4FB1008B5C6E /* Base */; };
		B58F9E582BAE51A7008B5C6E /* SetupTimetableController.swift in Sources */ = {isa = PBXBuildFile; fileRef = B58F9E572BAE51A7008B5C6E /* SetupTimetableController.swift */; };
		B58F9E5A2BAE5BE5008B5C6E /* Extionsion.swift in Sources */ = {isa = PBXBuildFile; fileRef = B58F9E592BAE5BE5008B5C6E /* Extionsion.swift */; };
		B58F9E5C2BAEA830008B5C6E /* TimetableController.swift in Sources */ = {isa = PBXBuildFile; fileRef = B58F9E5B2BAEA830008B5C6E /* TimetableController.swift */; };
		B58F9E5E2BAEB4C4008B5C6E /* Timetable.swift in Sources */ = {isa = PBXBuildFile; fileRef = B58F9E5D2BAEB4C4008B5C6E /* Timetable.swift */; };
		B58F9E602BAEFF4A008B5C6E /* TimetableCell.swift in Sources */ = {isa = PBXBuildFile; fileRef = B58F9E5F2BAEFF4A008B5C6E /* TimetableCell.swift */; };
		B58F9E622BB06234008B5C6E /* LoadingController.swift in Sources */ = {isa = PBXBuildFile; fileRef = B58F9E612BB06234008B5C6E /* LoadingController.swift */; };
/* End PBXBuildFile section */

/* Begin PBXFileReference section */
		B58F9E3A2BAE4FB0008B5C6E /* Timetable.app */ = {isa = PBXFileReference; explicitFileType = wrapper.application; includeInIndex = 0; path = Timetable.app; sourceTree = BUILT_PRODUCTS_DIR; };
		B58F9E3D2BAE4FB0008B5C6E /* AppDelegate.swift */ = {isa = PBXFileReference; lastKnownFileType = sourcecode.swift; path = AppDelegate.swift; sourceTree = "<group>"; };
		B58F9E3F2BAE4FB0008B5C6E /* SceneDelegate.swift */ = {isa = PBXFileReference; lastKnownFileType = sourcecode.swift; path = SceneDelegate.swift; sourceTree = "<group>"; };
		B58F9E442BAE4FB0008B5C6E /* Base */ = {isa = PBXFileReference; lastKnownFileType = file.storyboard; name = Base; path = Base.lproj/Main.storyboard; sourceTree = "<group>"; };
		B58F9E462BAE4FB1008B5C6E /* Assets.xcassets */ = {isa = PBXFileReference; lastKnownFileType = folder.assetcatalog; path = Assets.xcassets; sourceTree = "<group>"; };
		B58F9E492BAE4FB1008B5C6E /* Base */ = {isa = PBXFileReference; lastKnownFileType = file.storyboard; name = Base; path = Base.lproj/LaunchScreen.storyboard; sourceTree = "<group>"; };
		B58F9E4B2BAE4FB1008B5C6E /* Info.plist */ = {isa = PBXFileReference; lastKnownFileType = text.plist.xml; path = Info.plist; sourceTree = "<group>"; };
		B58F9E572BAE51A7008B5C6E /* SetupTimetableController.swift */ = {isa = PBXFileReference; lastKnownFileType = sourcecode.swift; path = SetupTimetableController.swift; sourceTree = "<group>"; };
		B58F9E592BAE5BE5008B5C6E /* Extionsion.swift */ = {isa = PBXFileReference; lastKnownFileType = sourcecode.swift; path = Extionsion.swift; sourceTree = "<group>"; };
		B58F9E5B2BAEA830008B5C6E /* TimetableController.swift */ = {isa = PBXFileReference; lastKnownFileType = sourcecode.swift; path = TimetableController.swift; sourceTree = "<group>"; };
		B58F9E5D2BAEB4C4008B5C6E /* Timetable.swift */ = {isa = PBXFileReference; lastKnownFileType = sourcecode.swift; path = Timetable.swift; sourceTree = "<group>"; };
		B58F9E5F2BAEFF4A008B5C6E /* TimetableCell.swift */ = {isa = PBXFileReference; lastKnownFileType = sourcecode.swift; path = TimetableCell.swift; sourceTree = "<group>"; };
		B58F9E612BB06234008B5C6E /* LoadingController.swift */ = {isa = PBXFileReference; lastKnownFileType = sourcecode.swift; path = LoadingController.swift; sourceTree = "<group>"; };
/* End PBXFileReference section */

/* Begin PBXFrameworksBuildPhase section */
		B58F9E372BAE4FB0008B5C6E /* Frameworks */ = {
			isa = PBXFrameworksBuildPhase;
			buildActionMask = 2147483647;
			files = (
			);
			runOnlyForDeploymentPostprocessing = 0;
		};
/* End PBXFrameworksBuildPhase section */

/* Begin PBXGroup section */
		B58F9E312BAE4FB0008B5C6E = {
			isa = PBXGroup;
			children = (
				B58F9E3C2BAE4FB0008B5C6E /* Timetable */,
				B58F9E3B2BAE4FB0008B5C6E /* Products */,
			);
			sourceTree = "<group>";
		};
		B58F9E3B2BAE4FB0008B5C6E /* Products */ = {
			isa = PBXGroup;
			children = (
				B58F9E3A2BAE4FB0008B5C6E /* Timetable.app */,
			);
			name = Products;
			sourceTree = "<group>";
		};
		B58F9E3C2BAE4FB0008B5C6E /* Timetable */ = {
			isa = PBXGroup;
			children = (
				B58F9E562BAE513F008B5C6E /* Model */,
				B58F9E552BAE513E008B5C6E /* View */,
				B58F9E542BAE513C008B5C6E /* ViewModel */,
				B58F9E532BAE5139008B5C6E /* Controller */,
				B58F9E522BAE5137008B5C6E /* Utils */,
				B58F9E3D2BAE4FB0008B5C6E /* AppDelegate.swift */,
				B58F9E3F2BAE4FB0008B5C6E /* SceneDelegate.swift */,
				B58F9E432BAE4FB0008B5C6E /* Main.storyboard */,
				B58F9E462BAE4FB1008B5C6E /* Assets.xcassets */,
				B58F9E482BAE4FB1008B5C6E /* LaunchScreen.storyboard */,
				B58F9E4B2BAE4FB1008B5C6E /* Info.plist */,
			);
			path = Timetable;
			sourceTree = "<group>";
		};
		B58F9E522BAE5137008B5C6E /* Utils */ = {
			isa = PBXGroup;
			children = (
				B58F9E592BAE5BE5008B5C6E /* Extionsion.swift */,
			);
			path = Utils;
			sourceTree = "<group>";
		};
		B58F9E532BAE5139008B5C6E /* Controller */ = {
			isa = PBXGroup;
			children = (
				B58F9E572BAE51A7008B5C6E /* SetupTimetableController.swift */,
				B58F9E5B2BAEA830008B5C6E /* TimetableController.swift */,
				B58F9E612BB06234008B5C6E /* LoadingController.swift */,
			);
			path = Controller;
			sourceTree = "<group>";
		};
		B58F9E542BAE513C008B5C6E /* ViewModel */ = {
			isa = PBXGroup;
			children = (
			);
			path = ViewModel;
			sourceTree = "<group>";
		};
		B58F9E552BAE513E008B5C6E /* View */ = {
			isa = PBXGroup;
			children = (
				B58F9E5F2BAEFF4A008B5C6E /* TimetableCell.swift */,
			);
			path = View;
			sourceTree = "<group>";
		};
		B58F9E562BAE513F008B5C6E /* Model */ = {
			isa = PBXGroup;
			children = (
				B58F9E5D2BAEB4C4008B5C6E /* Timetable.swift */,
			);
			path = Model;
			sourceTree = "<group>";
		};
/* End PBXGroup section */

/* Begin PBXNativeTarget section */
		B58F9E392BAE4FB0008B5C6E /* Timetable */ = {
			isa = PBXNativeTarget;
			buildConfigurationList = B58F9E4E2BAE4FB1008B5C6E /* Build configuration list for PBXNativeTarget "Timetable" */;
			buildPhases = (
				B58F9E362BAE4FB0008B5C6E /* Sources */,
				B58F9E372BAE4FB0008B5C6E /* Frameworks */,
				B58F9E382BAE4FB0008B5C6E /* Resources */,
			);
			buildRules = (
			);
			dependencies = (
			);
			name = Timetable;
			productName = Timetable;
			productReference = B58F9E3A2BAE4FB0008B5C6E /* Timetable.app */;
			productType = "com.apple.product-type.application";
		};
/* End PBXNativeTarget section */

/* Begin PBXProject section */
		B58F9E322BAE4FB0008B5C6E /* Project object */ = {
			isa = PBXProject;
			attributes = {
				BuildIndependentTargetsInParallel = 1;
				LastSwiftUpdateCheck = 1530;
				LastUpgradeCheck = 1530;
				TargetAttributes = {
					B58F9E392BAE4FB0008B5C6E = {
						CreatedOnToolsVersion = 15.3;
					};
				};
			};
			buildConfigurationList = B58F9E352BAE4FB0008B5C6E /* Build configuration list for PBXProject "Timetable" */;
			compatibilityVersion = "Xcode 14.0";
			developmentRegion = en;
			hasScannedForEncodings = 0;
			knownRegions = (
				en,
				Base,
			);
			mainGroup = B58F9E312BAE4FB0008B5C6E;
			productRefGroup = B58F9E3B2BAE4FB0008B5C6E /* Products */;
			projectDirPath = "";
			projectRoot = "";
			targets = (
				B58F9E392BAE4FB0008B5C6E /* Timetable */,
			);
		};
/* End PBXProject section */

/* Begin PBXResourcesBuildPhase section */
		B58F9E382BAE4FB0008B5C6E /* Resources */ = {
			isa = PBXResourcesBuildPhase;
			buildActionMask = 2147483647;
			files = (
				B58F9E472BAE4FB1008B5C6E /* Assets.xcassets in Resources */,
				B58F9E4A2BAE4FB1008B5C6E /* Base in Resources */,
				B58F9E452BAE4FB0008B5C6E /* Base in Resources */,
			);
			runOnlyForDeploymentPostprocessing = 0;
		};
/* End PBXResourcesBuildPhase section */

/* Begin PBXSourcesBuildPhase section */
		B58F9E362BAE4FB0008B5C6E /* Sources */ = {
			isa = PBXSourcesBuildPhase;
			buildActionMask = 2147483647;
			files = (
				B58F9E582BAE51A7008B5C6E /* SetupTimetableController.swift in Sources */,
				B58F9E3E2BAE4FB0008B5C6E /* AppDelegate.swift in Sources */,
				B58F9E5C2BAEA830008B5C6E /* TimetableController.swift in Sources */,
				B58F9E402BAE4FB0008B5C6E /* SceneDelegate.swift in Sources */,
				B58F9E622BB06234008B5C6E /* LoadingController.swift in Sources */,
				B58F9E5A2BAE5BE5008B5C6E /* Extionsion.swift in Sources */,
				B58F9E602BAEFF4A008B5C6E /* TimetableCell.swift in Sources */,
				B58F9E5E2BAEB4C4008B5C6E /* Timetable.swift in Sources */,
			);
			runOnlyForDeploymentPostprocessing = 0;
		};
/* End PBXSourcesBuildPhase section */

/* Begin PBXVariantGroup section */
		B58F9E432BAE4FB0008B5C6E /* Main.storyboard */ = {
			isa = PBXVariantGroup;
			children = (
				B58F9E442BAE4FB0008B5C6E /* Base */,
			);
			name = Main.storyboard;
			sourceTree = "<group>";
		};
		B58F9E482BAE4FB1008B5C6E /* LaunchScreen.storyboard */ = {
			isa = PBXVariantGroup;
			children = (
				B58F9E492BAE4FB1008B5C6E /* Base */,
			);
			name = LaunchScreen.storyboard;
			sourceTree = "<group>";
		};
/* End PBXVariantGroup section */

/* Begin XCBuildConfiguration section */
		B58F9E4C2BAE4FB1008B5C6E /* Debug */ = {
			isa = XCBuildConfiguration;
			buildSettings = {
				ALWAYS_SEARCH_USER_PATHS = NO;
				ASSETCATALOG_COMPILER_GENERATE_SWIFT_ASSET_SYMBOL_EXTENSIONS = YES;
				CLANG_ANALYZER_NONNULL = YES;
				CLANG_ANALYZER_NUMBER_OBJECT_CONVERSION = YES_AGGRESSIVE;
				CLANG_CXX_LANGUAGE_STANDARD = "gnu++20";
				CLANG_ENABLE_MODULES = YES;
				CLANG_ENABLE_OBJC_ARC = YES;
				CLANG_ENABLE_OBJC_WEAK = YES;
				CLANG_WARN_BLOCK_CAPTURE_AUTORELEASING = YES;
				CLANG_WARN_BOOL_CONVERSION = YES;
				CLANG_WARN_COMMA = YES;
				CLANG_WARN_CONSTANT_CONVERSION = YES;
				CLANG_WARN_DEPRECATED_OBJC_IMPLEMENTATIONS = YES;
				CLANG_WARN_DIRECT_OBJC_ISA_USAGE = YES_ERROR;
				CLANG_WARN_DOCUMENTATION_COMMENTS = YES;
				CLANG_WARN_EMPTY_BODY = YES;
				CLANG_WARN_ENUM_CONVERSION = YES;
				CLANG_WARN_INFINITE_RECURSION = YES;
				CLANG_WARN_INT_CONVERSION = YES;
				CLANG_WARN_NON_LITERAL_NULL_CONVERSION = YES;
				CLANG_WARN_OBJC_IMPLICIT_RETAIN_SELF = YES;
				CLANG_WARN_OBJC_LITERAL_CONVERSION = YES;
				CLANG_WARN_OBJC_ROOT_CLASS = YES_ERROR;
				CLANG_WARN_QUOTED_INCLUDE_IN_FRAMEWORK_HEADER = YES;
				CLANG_WARN_RANGE_LOOP_ANALYSIS = YES;
				CLANG_WARN_STRICT_PROTOTYPES = YES;
				CLANG_WARN_SUSPICIOUS_MOVE = YES;
				CLANG_WARN_UNGUARDED_AVAILABILITY = YES_AGGRESSIVE;
				CLANG_WARN_UNREACHABLE_CODE = YES;
				CLANG_WARN__DUPLICATE_METHOD_MATCH = YES;
				COPY_PHASE_STRIP = NO;
				DEBUG_INFORMATION_FORMAT = dwarf;
				ENABLE_STRICT_OBJC_MSGSEND = YES;
				ENABLE_TESTABILITY = YES;
				ENABLE_USER_SCRIPT_SANDBOXING = YES;
				GCC_C_LANGUAGE_STANDARD = gnu17;
				GCC_DYNAMIC_NO_PIC = NO;
				GCC_NO_COMMON_BLOCKS = YES;
				GCC_OPTIMIZATION_LEVEL = 0;
				GCC_PREPROCESSOR_DEFINITIONS = (
					"DEBUG=1",
					"$(inherited)",
				);
				GCC_WARN_64_TO_32_BIT_CONVERSION = YES;
				GCC_WARN_ABOUT_RETURN_TYPE = YES_ERROR;
				GCC_WARN_UNDECLARED_SELECTOR = YES;
				GCC_WARN_UNINITIALIZED_AUTOS = YES_AGGRESSIVE;
				GCC_WARN_UNUSED_FUNCTION = YES;
				GCC_WARN_UNUSED_VARIABLE = YES;
				IPHONEOS_DEPLOYMENT_TARGET = 17.4;
				LOCALIZATION_PREFERS_STRING_CATALOGS = YES;
				MTL_ENABLE_DEBUG_INFO = INCLUDE_SOURCE;
				MTL_FAST_MATH = YES;
				ONLY_ACTIVE_ARCH = YES;
				SDKROOT = iphoneos;
				SWIFT_ACTIVE_COMPILATION_CONDITIONS = "DEBUG $(inherited)";
				SWIFT_OPTIMIZATION_LEVEL = "-Onone";
			};
			name = Debug;
		};
		B58F9E4D2BAE4FB1008B5C6E /* Release */ = {
			isa = XCBuildConfiguration;
			buildSettings = {
				ALWAYS_SEARCH_USER_PATHS = NO;
				ASSETCATALOG_COMPILER_GENERATE_SWIFT_ASSET_SYMBOL_EXTENSIONS = YES;
				CLANG_ANALYZER_NONNULL = YES;
				CLANG_ANALYZER_NUMBER_OBJECT_CONVERSION = YES_AGGRESSIVE;
				CLANG_CXX_LANGUAGE_STANDARD = "gnu++20";
				CLANG_ENABLE_MODULES = YES;
				CLANG_ENABLE_OBJC_ARC = YES;
				CLANG_ENABLE_OBJC_WEAK = YES;
				CLANG_WARN_BLOCK_CAPTURE_AUTORELEASING = YES;
				CLANG_WARN_BOOL_CONVERSION = YES;
				CLANG_WARN_COMMA = YES;
				CLANG_WARN_CONSTANT_CONVERSION = YES;
				CLANG_WARN_DEPRECATED_OBJC_IMPLEMENTATIONS = YES;
				CLANG_WARN_DIRECT_OBJC_ISA_USAGE = YES_ERROR;
				CLANG_WARN_DOCUMENTATION_COMMENTS = YES;
				CLANG_WARN_EMPTY_BODY = YES;
				CLANG_WARN_ENUM_CONVERSION = YES;
				CLANG_WARN_INFINITE_RECURSION = YES;
				CLANG_WARN_INT_CONVERSION = YES;
				CLANG_WARN_NON_LITERAL_NULL_CONVERSION = YES;
				CLANG_WARN_OBJC_IMPLICIT_RETAIN_SELF = YES;
				CLANG_WARN_OBJC_LITERAL_CONVERSION = YES;
				CLANG_WARN_OBJC_ROOT_CLASS = YES_ERROR;
				CLANG_WARN_QUOTED_INCLUDE_IN_FRAMEWORK_HEADER = YES;
				CLANG_WARN_RANGE_LOOP_ANALYSIS = YES;
				CLANG_WARN_STRICT_PROTOTYPES = YES;
				CLANG_WARN_SUSPICIOUS_MOVE = YES;
				CLANG_WARN_UNGUARDED_AVAILABILITY = YES_AGGRESSIVE;
				CLANG_WARN_UNREACHABLE_CODE = YES;
				CLANG_WARN__DUPLICATE_METHOD_MATCH = YES;
				COPY_PHASE_STRIP = NO;
				DEBUG_INFORMATION_FORMAT = "dwarf-with-dsym";
				ENABLE_NS_ASSERTIONS = NO;
				ENABLE_STRICT_OBJC_MSGSEND = YES;
				ENABLE_USER_SCRIPT_SANDBOXING = YES;
				GCC_C_LANGUAGE_STANDARD = gnu17;
				GCC_NO_COMMON_BLOCKS = YES;
				GCC_WARN_64_TO_32_BIT_CONVERSION = YES;
				GCC_WARN_ABOUT_RETURN_TYPE = YES_ERROR;
				GCC_WARN_UNDECLARED_SELECTOR = YES;
				GCC_WARN_UNINITIALIZED_AUTOS = YES_AGGRESSIVE;
				GCC_WARN_UNUSED_FUNCTION = YES;
				GCC_WARN_UNUSED_VARIABLE = YES;
				IPHONEOS_DEPLOYMENT_TARGET = 17.4;
				LOCALIZATION_PREFERS_STRING_CATALOGS = YES;
				MTL_ENABLE_DEBUG_INFO = NO;
				MTL_FAST_MATH = YES;
				SDKROOT = iphoneos;
				SWIFT_COMPILATION_MODE = wholemodule;
				VALIDATE_PRODUCT = YES;
			};
			name = Release;
		};
		B58F9E4F2BAE4FB1008B5C6E /* Debug */ = {
			isa = XCBuildConfiguration;
			buildSettings = {
				ASSETCATALOG_COMPILER_APPICON_NAME = AppIcon;
				ASSETCATALOG_COMPILER_GLOBAL_ACCENT_COLOR_NAME = AccentColor;
				CODE_SIGN_STYLE = Automatic;
				CURRENT_PROJECT_VERSION = 1;
				DEVELOPMENT_TEAM = Y54J7XTGV3;
				GENERATE_INFOPLIST_FILE = YES;
				INFOPLIST_FILE = Timetable/Info.plist;
				INFOPLIST_KEY_UIApplicationSupportsIndirectInputEvents = YES;
				INFOPLIST_KEY_UILaunchStoryboardName = LaunchScreen;
				INFOPLIST_KEY_UIMainStoryboardFile = Main;
				INFOPLIST_KEY_UISupportedInterfaceOrientations_iPad = "UIInterfaceOrientationPortrait UIInterfaceOrientationPortraitUpsideDown UIInterfaceOrientationLandscapeLeft UIInterfaceOrientationLandscapeRight";
				INFOPLIST_KEY_UISupportedInterfaceOrientations_iPhone = "UIInterfaceOrientationPortrait UIInterfaceOrientationLandscapeLeft UIInterfaceOrientationLandscapeRight";
				LD_RUNPATH_SEARCH_PATHS = (
					"$(inherited)",
					"@executable_path/Frameworks",
				);
				MARKETING_VERSION = 1.0;
				PRODUCT_BUNDLE_IDENTIFIER = com.hyeonsik.Timetable;
				PRODUCT_NAME = "$(TARGET_NAME)";
				SWIFT_EMIT_LOC_STRINGS = YES;
				SWIFT_VERSION = 5.0;
				TARGETED_DEVICE_FAMILY = "1,2";
			};
			name = Debug;
		};
		B58F9E502BAE4FB1008B5C6E /* Release */ = {
			isa = XCBuildConfiguration;
			buildSettings = {
				ASSETCATALOG_COMPILER_APPICON_NAME = AppIcon;
				ASSETCATALOG_COMPILER_GLOBAL_ACCENT_COLOR_NAME = AccentColor;
				CODE_SIGN_STYLE = Automatic;
				CURRENT_PROJECT_VERSION = 1;
				DEVELOPMENT_TEAM = Y54J7XTGV3;
				GENERATE_INFOPLIST_FILE = YES;
				INFOPLIST_FILE = Timetable/Info.plist;
				INFOPLIST_KEY_UIApplicationSupportsIndirectInputEvents = YES;
				INFOPLIST_KEY_UILaunchStoryboardName = LaunchScreen;
				INFOPLIST_KEY_UIMainStoryboardFile = Main;
				INFOPLIST_KEY_UISupportedInterfaceOrientations_iPad = "UIInterfaceOrientationPortrait UIInterfaceOrientationPortraitUpsideDown UIInterfaceOrientationLandscapeLeft UIInterfaceOrientationLandscapeRight";
				INFOPLIST_KEY_UISupportedInterfaceOrientations_iPhone = "UIInterfaceOrientationPortrait UIInterfaceOrientationLandscapeLeft UIInterfaceOrientationLandscapeRight";
				LD_RUNPATH_SEARCH_PATHS = (
					"$(inherited)",
					"@executable_path/Frameworks",
				);
				MARKETING_VERSION = 1.0;
				PRODUCT_BUNDLE_IDENTIFIER = com.hyeonsik.Timetable;
				PRODUCT_NAME = "$(TARGET_NAME)";
				SWIFT_EMIT_LOC_STRINGS = YES;
				SWIFT_VERSION = 5.0;
				TARGETED_DEVICE_FAMILY = "1,2";
			};
			name = Release;
		};
/* End XCBuildConfiguration section */

/* Begin XCConfigurationList section */
		B58F9E352BAE4FB0008B5C6E /* Build configuration list for PBXProject "Timetable" */ = {
			isa = XCConfigurationList;
			buildConfigurations = (
				B58F9E4C2BAE4FB1008B5C6E /* Debug */,
				B58F9E4D2BAE4FB1008B5C6E /* Release */,
			);
			defaultConfigurationIsVisible = 0;
			defaultConfigurationName = Release;
		};
		B58F9E4E2BAE4FB1008B5C6E /* Build configuration list for PBXNativeTarget "Timetable" */ = {
			isa = XCConfigurationList;
			buildConfigurations = (
				B58F9E4F2BAE4FB1008B5C6E /* Debug */,
				B58F9E502BAE4FB1008B5C6E /* Release */,
			);
			defaultConfigurationIsVisible = 0;
			defaultConfigurationName = Release;
		};
/* End XCConfigurationList section */
	};
	rootObject = B58F9E322BAE4FB0008B5C6E /* Project object */;
}
